
Microsoft Visual Studio Solution File, Format Version 12.00
# Visual Studio Version 16
VisualStudioVersion = 16.0.31515.178
MinimumVisualStudioVersion = 10.0.40219.1
Project("{FAE04EC0-301F-11D3-BF4B-00C04F79EFBC}") = "Primer proyecto de formularios en Visual C Sharp", "Primer proyecto de formularios en Visual C Sharp\Primer proyecto de formularios en Visual C Sharp.csproj", "{F4C6459A-A7DD-4D43-A904-A9C35C2A6CBD}"
EndProject
Global
	GlobalSection(SolutionConfigurationPlatforms) = preSolution
		Debug|Any CPU = Debug|Any CPU
		Release|Any CPU = Release|Any CPU
	EndGlobalSection
	GlobalSection(ProjectConfigurationPlatforms) = postSolution
		{F4C6459A-A7DD-4D43-A904-A9C35C2A6CBD}.Debug|Any CPU.ActiveCfg = Debug|Any CPU
		{F4C6459A-A7DD-4D43-A904-A9C35C2A6CBD}.Debug|Any CPU.Build.0 = Debug|Any CPU
		{F4C6459A-A7DD-4D43-A904-A9C35C2A6CBD}.Release|Any CPU.ActiveCfg = Release|Any CPU
		{F4C6459A-A7DD-4D43-A904-A9C35C2A6CBD}.Release|Any CPU.Build.0 = Release|Any CPU
	EndGlobalSection
	GlobalSection(SolutionProperties) = preSolution
		HideSolutionNode = FALSE
	EndGlobalSection
	GlobalSection(ExtensibilityGlobals) = postSolution
		SolutionGuid = {BE61D9FB-6BD6-477A-B059-DFB5126CCC40}
	EndGlobalSection
EndGlobal
